// !$*UTF8*$!
{
	archiveVersion = 1;
	classes = {
	};
	objectVersion = 56;
	objects = {

/* Begin PBXBuildFile section */
		8905B25929F8926A001565D3 /* LayersModel.swift in Sources */ = {isa = PBXBuildFile; fileRef = 8905B25829F8926A001565D3 /* LayersModel.swift */; };
		8905B25B29F8C324001565D3 /* LayerDropDelegate.swift in Sources */ = {isa = PBXBuildFile; fileRef = 8905B25A29F8C324001565D3 /* LayerDropDelegate.swift */; };
		8907A1ED29FB6932008BFF4A /* DeleteLayerButton.swift in Sources */ = {isa = PBXBuildFile; fileRef = 8907A1EC29FB6932008BFF4A /* DeleteLayerButton.swift */; };
		8907A1F129FC7331008BFF4A /* MergeLayersButton.swift in Sources */ = {isa = PBXBuildFile; fileRef = 8907A1F029FC7331008BFF4A /* MergeLayersButton.swift */; };
		89AD7D3329EC7AD30060D9EB /* AI_DrawApp.swift in Sources */ = {isa = PBXBuildFile; fileRef = 89AD7D3229EC7AD30060D9EB /* AI_DrawApp.swift */; };
		89AD7D3529EC7AD30060D9EB /* ContentView.swift in Sources */ = {isa = PBXBuildFile; fileRef = 89AD7D3429EC7AD30060D9EB /* ContentView.swift */; };
		89AD7D3729EC7AD50060D9EB /* Assets.xcassets in Resources */ = {isa = PBXBuildFile; fileRef = 89AD7D3629EC7AD50060D9EB /* Assets.xcassets */; };
		89AD7D3A29EC7AD50060D9EB /* Preview Assets.xcassets in Resources */ = {isa = PBXBuildFile; fileRef = 89AD7D3929EC7AD50060D9EB /* Preview Assets.xcassets */; };
		89AD7D3C29EC7AD50060D9EB /* Persistence.swift in Sources */ = {isa = PBXBuildFile; fileRef = 89AD7D3B29EC7AD50060D9EB /* Persistence.swift */; };
		89AD7D3F29EC7AD50060D9EB /* AI_Draw.xcdatamodeld in Sources */ = {isa = PBXBuildFile; fileRef = 89AD7D3D29EC7AD50060D9EB /* AI_Draw.xcdatamodeld */; };
		89AD7D4629EC7BA70060D9EB /* CanvasView.swift in Sources */ = {isa = PBXBuildFile; fileRef = 89AD7D4529EC7BA70060D9EB /* CanvasView.swift */; };
		89AD7D4829EC82BC0060D9EB /* DrawingView.swift in Sources */ = {isa = PBXBuildFile; fileRef = 89AD7D4729EC82BC0060D9EB /* DrawingView.swift */; };
		89AD7D4F29F4BCC80060D9EB /* SideBarView.swift in Sources */ = {isa = PBXBuildFile; fileRef = 89AD7D4E29F4BCC80060D9EB /* SideBarView.swift */; };
		89AD7D5129F4C3D20060D9EB /* Layer.swift in Sources */ = {isa = PBXBuildFile; fileRef = 89AD7D5029F4C3D20060D9EB /* Layer.swift */; };
/* End PBXBuildFile section */

/* Begin PBXFileReference section */
		8905B25829F8926A001565D3 /* LayersModel.swift */ = {isa = PBXFileReference; lastKnownFileType = sourcecode.swift; path = LayersModel.swift; sourceTree = "<group>"; };
		8905B25A29F8C324001565D3 /* LayerDropDelegate.swift */ = {isa = PBXFileReference; lastKnownFileType = sourcecode.swift; path = LayerDropDelegate.swift; sourceTree = "<group>"; };
		8907A1EC29FB6932008BFF4A /* DeleteLayerButton.swift */ = {isa = PBXFileReference; lastKnownFileType = sourcecode.swift; path = DeleteLayerButton.swift; sourceTree = "<group>"; };
		8907A1F029FC7331008BFF4A /* MergeLayersButton.swift */ = {isa = PBXFileReference; lastKnownFileType = sourcecode.swift; path = MergeLayersButton.swift; sourceTree = "<group>"; };
		89AD7D2F29EC7AD30060D9EB /* AI-Draw.app */ = {isa = PBXFileReference; explicitFileType = wrapper.application; includeInIndex = 0; path = "AI-Draw.app"; sourceTree = BUILT_PRODUCTS_DIR; };
		89AD7D3229EC7AD30060D9EB /* AI_DrawApp.swift */ = {isa = PBXFileReference; lastKnownFileType = sourcecode.swift; path = AI_DrawApp.swift; sourceTree = "<group>"; };
		89AD7D3429EC7AD30060D9EB /* ContentView.swift */ = {isa = PBXFileReference; lastKnownFileType = sourcecode.swift; path = ContentView.swift; sourceTree = "<group>"; };
		89AD7D3629EC7AD50060D9EB /* Assets.xcassets */ = {isa = PBXFileReference; lastKnownFileType = folder.assetcatalog; path = Assets.xcassets; sourceTree = "<group>"; };
		89AD7D3929EC7AD50060D9EB /* Preview Assets.xcassets */ = {isa = PBXFileReference; lastKnownFileType = folder.assetcatalog; path = "Preview Assets.xcassets"; sourceTree = "<group>"; };
		89AD7D3B29EC7AD50060D9EB /* Persistence.swift */ = {isa = PBXFileReference; lastKnownFileType = sourcecode.swift; path = Persistence.swift; sourceTree = "<group>"; };
		89AD7D3E29EC7AD50060D9EB /* AI_Draw.xcdatamodel */ = {isa = PBXFileReference; lastKnownFileType = wrapper.xcdatamodel; path = AI_Draw.xcdatamodel; sourceTree = "<group>"; };
		89AD7D4529EC7BA70060D9EB /* CanvasView.swift */ = {isa = PBXFileReference; lastKnownFileType = sourcecode.swift; path = CanvasView.swift; sourceTree = "<group>"; };
		89AD7D4729EC82BC0060D9EB /* DrawingView.swift */ = {isa = PBXFileReference; lastKnownFileType = sourcecode.swift; path = DrawingView.swift; sourceTree = "<group>"; };
		89AD7D4E29F4BCC80060D9EB /* SideBarView.swift */ = {isa = PBXFileReference; lastKnownFileType = sourcecode.swift; path = SideBarView.swift; sourceTree = "<group>"; };
		89AD7D5029F4C3D20060D9EB /* Layer.swift */ = {isa = PBXFileReference; lastKnownFileType = sourcecode.swift; path = Layer.swift; sourceTree = "<group>"; };
/* End PBXFileReference section */

/* Begin PBXFrameworksBuildPhase section */
		89AD7D2C29EC7AD30060D9EB /* Frameworks */ = {
			isa = PBXFrameworksBuildPhase;
			buildActionMask = 2147483647;
			files = (
			);
			runOnlyForDeploymentPostprocessing = 0;
		};
/* End PBXFrameworksBuildPhase section */

/* Begin PBXGroup section */
		8907A1EB29FB6921008BFF4A /* UI */ = {
			isa = PBXGroup;
			children = (
				8907A1EC29FB6932008BFF4A /* DeleteLayerButton.swift */,
				8907A1F029FC7331008BFF4A /* MergeLayersButton.swift */,
			);
			path = UI;
			sourceTree = "<group>";
		};
		89AD7D2629EC7AD30060D9EB = {
			isa = PBXGroup;
			children = (
				8907A1EB29FB6921008BFF4A /* UI */,
				89AD7D4929F0020A0060D9EB /* Model */,
				89AD7D3129EC7AD30060D9EB /* AI-Draw */,
				89AD7D3029EC7AD30060D9EB /* Products */,
			);
			sourceTree = "<group>";
		};
		89AD7D3029EC7AD30060D9EB /* Products */ = {
			isa = PBXGroup;
			children = (
				89AD7D2F29EC7AD30060D9EB /* AI-Draw.app */,
			);
			name = Products;
			sourceTree = "<group>";
		};
		89AD7D3129EC7AD30060D9EB /* AI-Draw */ = {
			isa = PBXGroup;
			children = (
				89AD7D3229EC7AD30060D9EB /* AI_DrawApp.swift */,
				89AD7D4729EC82BC0060D9EB /* DrawingView.swift */,
				89AD7D4529EC7BA70060D9EB /* CanvasView.swift */,
				89AD7D3429EC7AD30060D9EB /* ContentView.swift */,
				89AD7D4E29F4BCC80060D9EB /* SideBarView.swift */,
				89AD7D3629EC7AD50060D9EB /* Assets.xcassets */,
				89AD7D3B29EC7AD50060D9EB /* Persistence.swift */,
				89AD7D3D29EC7AD50060D9EB /* AI_Draw.xcdatamodeld */,
				89AD7D3829EC7AD50060D9EB /* Preview Content */,
			);
			path = "AI-Draw";
			sourceTree = "<group>";
		};
		89AD7D3829EC7AD50060D9EB /* Preview Content */ = {
			isa = PBXGroup;
			children = (
				89AD7D3929EC7AD50060D9EB /* Preview Assets.xcassets */,
			);
			path = "Preview Content";
			sourceTree = "<group>";
		};
		89AD7D4929F0020A0060D9EB /* Model */ = {
			isa = PBXGroup;
			children = (
				89AD7D5029F4C3D20060D9EB /* Layer.swift */,
				8905B25829F8926A001565D3 /* LayersModel.swift */,
				8905B25A29F8C324001565D3 /* LayerDropDelegate.swift */,
			);
			path = Model;
			sourceTree = "<group>";
		};
/* End PBXGroup section */

/* Begin PBXNativeTarget section */
		89AD7D2E29EC7AD30060D9EB /* AI-Draw */ = {
			isa = PBXNativeTarget;
			buildConfigurationList = 89AD7D4229EC7AD50060D9EB /* Build configuration list for PBXNativeTarget "AI-Draw" */;
			buildPhases = (
				89AD7D2B29EC7AD30060D9EB /* Sources */,
				89AD7D2C29EC7AD30060D9EB /* Frameworks */,
				89AD7D2D29EC7AD30060D9EB /* Resources */,
			);
			buildRules = (
			);
			dependencies = (
			);
			name = "AI-Draw";
			productName = "AI-Draw";
			productReference = 89AD7D2F29EC7AD30060D9EB /* AI-Draw.app */;
			productType = "com.apple.product-type.application";
		};
/* End PBXNativeTarget section */

/* Begin PBXProject section */
		89AD7D2729EC7AD30060D9EB /* Project object */ = {
			isa = PBXProject;
			attributes = {
				BuildIndependentTargetsInParallel = 1;
				LastSwiftUpdateCheck = 1430;
				LastUpgradeCheck = 1430;
				TargetAttributes = {
					89AD7D2E29EC7AD30060D9EB = {
						CreatedOnToolsVersion = 14.3;
					};
				};
			};
			buildConfigurationList = 89AD7D2A29EC7AD30060D9EB /* Build configuration list for PBXProject "AI-Draw" */;
			compatibilityVersion = "Xcode 14.0";
			developmentRegion = en;
			hasScannedForEncodings = 0;
			knownRegions = (
				en,
				Base,
			);
			mainGroup = 89AD7D2629EC7AD30060D9EB;
			productRefGroup = 89AD7D3029EC7AD30060D9EB /* Products */;
			projectDirPath = "";
			projectRoot = "";
			targets = (
				89AD7D2E29EC7AD30060D9EB /* AI-Draw */,
			);
		};
/* End PBXProject section */

/* Begin PBXResourcesBuildPhase section */
		89AD7D2D29EC7AD30060D9EB /* Resources */ = {
			isa = PBXResourcesBuildPhase;
			buildActionMask = 2147483647;
			files = (
				89AD7D3A29EC7AD50060D9EB /* Preview Assets.xcassets in Resources */,
				89AD7D3729EC7AD50060D9EB /* Assets.xcassets in Resources */,
			);
			runOnlyForDeploymentPostprocessing = 0;
		};
/* End PBXResourcesBuildPhase section */

/* Begin PBXSourcesBuildPhase section */
		89AD7D2B29EC7AD30060D9EB /* Sources */ = {
			isa = PBXSourcesBuildPhase;
			buildActionMask = 2147483647;
			files = (
				89AD7D3C29EC7AD50060D9EB /* Persistence.swift in Sources */,
				89AD7D4829EC82BC0060D9EB /* DrawingView.swift in Sources */,
				8907A1ED29FB6932008BFF4A /* DeleteLayerButton.swift in Sources */,
				89AD7D3529EC7AD30060D9EB /* ContentView.swift in Sources */,
				8905B25B29F8C324001565D3 /* LayerDropDelegate.swift in Sources */,
				89AD7D4F29F4BCC80060D9EB /* SideBarView.swift in Sources */,
				8907A1F129FC7331008BFF4A /* MergeLayersButton.swift in Sources */,
				8905B25929F8926A001565D3 /* LayersModel.swift in Sources */,
				89AD7D4629EC7BA70060D9EB /* CanvasView.swift in Sources */,
				89AD7D3329EC7AD30060D9EB /* AI_DrawApp.swift in Sources */,
				89AD7D5129F4C3D20060D9EB /* Layer.swift in Sources */,
				89AD7D3F29EC7AD50060D9EB /* AI_Draw.xcdatamodeld in Sources */,
			);
			runOnlyForDeploymentPostprocessing = 0;
		};
/* End PBXSourcesBuildPhase section */

/* Begin XCBuildConfiguration section */
		89AD7D4029EC7AD50060D9EB /* Debug */ = {
			isa = XCBuildConfiguration;
			buildSettings = {
				ALWAYS_SEARCH_USER_PATHS = NO;
				CLANG_ANALYZER_NONNULL = YES;
				CLANG_ANALYZER_NUMBER_OBJECT_CONVERSION = YES_AGGRESSIVE;
				CLANG_CXX_LANGUAGE_STANDARD = "gnu++20";
				CLANG_ENABLE_MODULES = YES;
				CLANG_ENABLE_OBJC_ARC = YES;
				CLANG_ENABLE_OBJC_WEAK = YES;
				CLANG_WARN_BLOCK_CAPTURE_AUTORELEASING = YES;
				CLANG_WARN_BOOL_CONVERSION = YES;
				CLANG_WARN_COMMA = YES;
				CLANG_WARN_CONSTANT_CONVERSION = YES;
				CLANG_WARN_DEPRECATED_OBJC_IMPLEMENTATIONS = YES;
				CLANG_WARN_DIRECT_OBJC_ISA_USAGE = YES_ERROR;
				CLANG_WARN_DOCUMENTATION_COMMENTS = YES;
				CLANG_WARN_EMPTY_BODY = YES;
				CLANG_WARN_ENUM_CONVERSION = YES;
				CLANG_WARN_INFINITE_RECURSION = YES;
				CLANG_WARN_INT_CONVERSION = YES;
				CLANG_WARN_NON_LITERAL_NULL_CONVERSION = YES;
				CLANG_WARN_OBJC_IMPLICIT_RETAIN_SELF = YES;
				CLANG_WARN_OBJC_LITERAL_CONVERSION = YES;
				CLANG_WARN_OBJC_ROOT_CLASS = YES_ERROR;
				CLANG_WARN_QUOTED_INCLUDE_IN_FRAMEWORK_HEADER = YES;
				CLANG_WARN_RANGE_LOOP_ANALYSIS = YES;
				CLANG_WARN_STRICT_PROTOTYPES = YES;
				CLANG_WARN_SUSPICIOUS_MOVE = YES;
				CLANG_WARN_UNGUARDED_AVAILABILITY = YES_AGGRESSIVE;
				CLANG_WARN_UNREACHABLE_CODE = YES;
				CLANG_WARN__DUPLICATE_METHOD_MATCH = YES;
				COPY_PHASE_STRIP = NO;
				DEBUG_INFORMATION_FORMAT = dwarf;
				ENABLE_STRICT_OBJC_MSGSEND = YES;
				ENABLE_TESTABILITY = YES;
				GCC_C_LANGUAGE_STANDARD = gnu11;
				GCC_DYNAMIC_NO_PIC = NO;
				GCC_NO_COMMON_BLOCKS = YES;
				GCC_OPTIMIZATION_LEVEL = 0;
				GCC_PREPROCESSOR_DEFINITIONS = (
					"DEBUG=1",
					"$(inherited)",
				);
				GCC_WARN_64_TO_32_BIT_CONVERSION = YES;
				GCC_WARN_ABOUT_RETURN_TYPE = YES_ERROR;
				GCC_WARN_UNDECLARED_SELECTOR = YES;
				GCC_WARN_UNINITIALIZED_AUTOS = YES_AGGRESSIVE;
				GCC_WARN_UNUSED_FUNCTION = YES;
				GCC_WARN_UNUSED_VARIABLE = YES;
				IPHONEOS_DEPLOYMENT_TARGET = 16.0;
				MTL_ENABLE_DEBUG_INFO = INCLUDE_SOURCE;
				MTL_FAST_MATH = YES;
				ONLY_ACTIVE_ARCH = YES;
				SDKROOT = iphoneos;
				SWIFT_ACTIVE_COMPILATION_CONDITIONS = DEBUG;
				SWIFT_OPTIMIZATION_LEVEL = "-Onone";
			};
			name = Debug;
		};
		89AD7D4129EC7AD50060D9EB /* Release */ = {
			isa = XCBuildConfiguration;
			buildSettings = {
				ALWAYS_SEARCH_USER_PATHS = NO;
				CLANG_ANALYZER_NONNULL = YES;
				CLANG_ANALYZER_NUMBER_OBJECT_CONVERSION = YES_AGGRESSIVE;
				CLANG_CXX_LANGUAGE_STANDARD = "gnu++20";
				CLANG_ENABLE_MODULES = YES;
				CLANG_ENABLE_OBJC_ARC = YES;
				CLANG_ENABLE_OBJC_WEAK = YES;
				CLANG_WARN_BLOCK_CAPTURE_AUTORELEASING = YES;
				CLANG_WARN_BOOL_CONVERSION = YES;
				CLANG_WARN_COMMA = YES;
				CLANG_WARN_CONSTANT_CONVERSION = YES;
				CLANG_WARN_DEPRECATED_OBJC_IMPLEMENTATIONS = YES;
				CLANG_WARN_DIRECT_OBJC_ISA_USAGE = YES_ERROR;
				CLANG_WARN_DOCUMENTATION_COMMENTS = YES;
				CLANG_WARN_EMPTY_BODY = YES;
				CLANG_WARN_ENUM_CONVERSION = YES;
				CLANG_WARN_INFINITE_RECURSION = YES;
				CLANG_WARN_INT_CONVERSION = YES;
				CLANG_WARN_NON_LITERAL_NULL_CONVERSION = YES;
				CLANG_WARN_OBJC_IMPLICIT_RETAIN_SELF = YES;
				CLANG_WARN_OBJC_LITERAL_CONVERSION = YES;
				CLANG_WARN_OBJC_ROOT_CLASS = YES_ERROR;
				CLANG_WARN_QUOTED_INCLUDE_IN_FRAMEWORK_HEADER = YES;
				CLANG_WARN_RANGE_LOOP_ANALYSIS = YES;
				CLANG_WARN_STRICT_PROTOTYPES = YES;
				CLANG_WARN_SUSPICIOUS_MOVE = YES;
				CLANG_WARN_UNGUARDED_AVAILABILITY = YES_AGGRESSIVE;
				CLANG_WARN_UNREACHABLE_CODE = YES;
				CLANG_WARN__DUPLICATE_METHOD_MATCH = YES;
				COPY_PHASE_STRIP = NO;
				DEBUG_INFORMATION_FORMAT = "dwarf-with-dsym";
				ENABLE_NS_ASSERTIONS = NO;
				ENABLE_STRICT_OBJC_MSGSEND = YES;
				GCC_C_LANGUAGE_STANDARD = gnu11;
				GCC_NO_COMMON_BLOCKS = YES;
				GCC_WARN_64_TO_32_BIT_CONVERSION = YES;
				GCC_WARN_ABOUT_RETURN_TYPE = YES_ERROR;
				GCC_WARN_UNDECLARED_SELECTOR = YES;
				GCC_WARN_UNINITIALIZED_AUTOS = YES_AGGRESSIVE;
				GCC_WARN_UNUSED_FUNCTION = YES;
				GCC_WARN_UNUSED_VARIABLE = YES;
				IPHONEOS_DEPLOYMENT_TARGET = 16.0;
				MTL_ENABLE_DEBUG_INFO = NO;
				MTL_FAST_MATH = YES;
				SDKROOT = iphoneos;
				SWIFT_COMPILATION_MODE = wholemodule;
				SWIFT_OPTIMIZATION_LEVEL = "-O";
				VALIDATE_PRODUCT = YES;
			};
			name = Release;
		};
		89AD7D4329EC7AD50060D9EB /* Debug */ = {
			isa = XCBuildConfiguration;
			buildSettings = {
				ASSETCATALOG_COMPILER_APPICON_NAME = AppIcon;
				ASSETCATALOG_COMPILER_GLOBAL_ACCENT_COLOR_NAME = AccentColor;
				CODE_SIGN_STYLE = Automatic;
				CURRENT_PROJECT_VERSION = 1;
				DEVELOPMENT_ASSET_PATHS = "\"AI-Draw/Preview Content\"";
				DEVELOPMENT_TEAM = 2BYPUTWH53;
				ENABLE_PREVIEWS = YES;
				GENERATE_INFOPLIST_FILE = YES;
				INFOPLIST_KEY_UIApplicationSceneManifest_Generation = YES;
				INFOPLIST_KEY_UIApplicationSupportsIndirectInputEvents = YES;
				INFOPLIST_KEY_UILaunchScreen_Generation = YES;
				INFOPLIST_KEY_UISupportedInterfaceOrientations_iPad = "UIInterfaceOrientationLandscapeLeft UIInterfaceOrientationLandscapeRight";
				LD_RUNPATH_SEARCH_PATHS = (
					"$(inherited)",
					"@executable_path/Frameworks",
				);
				MARKETING_VERSION = 1.0;
				PRODUCT_BUNDLE_IDENTIFIER = "htu.learning.AI-Draw";
				PRODUCT_NAME = "$(TARGET_NAME)";
				SUPPORTED_PLATFORMS = "iphoneos iphonesimulator";
				SUPPORTS_MACCATALYST = NO;
				SUPPORTS_MAC_DESIGNED_FOR_IPHONE_IPAD = NO;
				SWIFT_EMIT_LOC_STRINGS = YES;
				SWIFT_VERSION = 5.0;
				TARGETED_DEVICE_FAMILY = 2;
			};
			name = Debug;
		};
		89AD7D4429EC7AD50060D9EB /* Release */ = {
			isa = XCBuildConfiguration;
			buildSettings = {
				ASSETCATALOG_COMPILER_APPICON_NAME = AppIcon;
				ASSETCATALOG_COMPILER_GLOBAL_ACCENT_COLOR_NAME = AccentColor;
				CODE_SIGN_STYLE = Automatic;
				CURRENT_PROJECT_VERSION = 1;
				DEVELOPMENT_ASSET_PATHS = "\"AI-Draw/Preview Content\"";
				DEVELOPMENT_TEAM = 2BYPUTWH53;
				ENABLE_PREVIEWS = YES;
				GENERATE_INFOPLIST_FILE = YES;
				INFOPLIST_KEY_UIApplicationSceneManifest_Generation = YES;
				INFOPLIST_KEY_UIApplicationSupportsIndirectInputEvents = YES;
				INFOPLIST_KEY_UILaunchScreen_Generation = YES;
				INFOPLIST_KEY_UISupportedInterfaceOrientations_iPad = "UIInterfaceOrientationLandscapeLeft UIInterfaceOrientationLandscapeRight";
				LD_RUNPATH_SEARCH_PATHS = (
					"$(inherited)",
					"@executable_path/Frameworks",
				);
				MARKETING_VERSION = 1.0;
				PRODUCT_BUNDLE_IDENTIFIER = "htu.learning.AI-Draw";
				PRODUCT_NAME = "$(TARGET_NAME)";
				SUPPORTED_PLATFORMS = "iphoneos iphonesimulator";
				SUPPORTS_MACCATALYST = NO;
				SUPPORTS_MAC_DESIGNED_FOR_IPHONE_IPAD = NO;
				SWIFT_EMIT_LOC_STRINGS = YES;
				SWIFT_VERSION = 5.0;
				TARGETED_DEVICE_FAMILY = 2;
			};
			name = Release;
		};
/* End XCBuildConfiguration section */

/* Begin XCConfigurationList section */
		89AD7D2A29EC7AD30060D9EB /* Build configuration list for PBXProject "AI-Draw" */ = {
			isa = XCConfigurationList;
			buildConfigurations = (
				89AD7D4029EC7AD50060D9EB /* Debug */,
				89AD7D4129EC7AD50060D9EB /* Release */,
			);
			defaultConfigurationIsVisible = 0;
			defaultConfigurationName = Release;
		};
		89AD7D4229EC7AD50060D9EB /* Build configuration list for PBXNativeTarget "AI-Draw" */ = {
			isa = XCConfigurationList;
			buildConfigurations = (
				89AD7D4329EC7AD50060D9EB /* Debug */,
				89AD7D4429EC7AD50060D9EB /* Release */,
			);
			defaultConfigurationIsVisible = 0;
			defaultConfigurationName = Release;
		};
/* End XCConfigurationList section */

/* Begin XCVersionGroup section */
		89AD7D3D29EC7AD50060D9EB /* AI_Draw.xcdatamodeld */ = {
			isa = XCVersionGroup;
			children = (
				89AD7D3E29EC7AD50060D9EB /* AI_Draw.xcdatamodel */,
			);
			currentVersion = 89AD7D3E29EC7AD50060D9EB /* AI_Draw.xcdatamodel */;
			path = AI_Draw.xcdatamodeld;
			sourceTree = "<group>";
			versionGroupType = wrapper.xcdatamodel;
		};
/* End XCVersionGroup section */
	};
	rootObject = 89AD7D2729EC7AD30060D9EB /* Project object */;
}
